// !$*UTF8*$!
{
	archiveVersion = 1;
	classes = {
	};
	objectVersion = 77;
	objects = {

/* Begin PBXContainerItemProxy section */
		52E3F8BF2DDC12EB000C5FBA /* PBXContainerItemProxy */ = {
			isa = PBXContainerItemProxy;
			containerPortal = 52E3F8A02DDC12EA000C5FBA /* Project object */;
			proxyType = 1;
			remoteGlobalIDString = 52E3F8A72DDC12EA000C5FBA;
			remoteInfo = MercadoBitcoin;
		};
		52E3F8C92DDC12EB000C5FBA /* PBXContainerItemProxy */ = {
			isa = PBXContainerItemProxy;
			containerPortal = 52E3F8A02DDC12EA000C5FBA /* Project object */;
			proxyType = 1;
			remoteGlobalIDString = 52E3F8A72DDC12EA000C5FBA;
			remoteInfo = MercadoBitcoin;
		};
/* End PBXContainerItemProxy section */

/* Begin PBXFileReference section */
		52E3F8A82DDC12EA000C5FBA /* MercadoBitcoin.app */ = {isa = PBXFileReference; explicitFileType = wrapper.application; includeInIndex = 0; path = MercadoBitcoin.app; sourceTree = BUILT_PRODUCTS_DIR; };
		52E3F8BE2DDC12EB000C5FBA /* MercadoBitcoinTests.xctest */ = {isa = PBXFileReference; explicitFileType = wrapper.cfbundle; includeInIndex = 0; path = MercadoBitcoinTests.xctest; sourceTree = BUILT_PRODUCTS_DIR; };
		52E3F8C82DDC12EB000C5FBA /* MercadoBitcoinUITests.xctest */ = {isa = PBXFileReference; explicitFileType = wrapper.cfbundle; includeInIndex = 0; path = MercadoBitcoinUITests.xctest; sourceTree = BUILT_PRODUCTS_DIR; };
/* End PBXFileReference section */

/* Begin PBXFileSystemSynchronizedBuildFileExceptionSet section */
		52E3F8D02DDC12EB000C5FBA /* Exceptions for "MercadoBitcoin" folder in "MercadoBitcoin" target */ = {
			isa = PBXFileSystemSynchronizedBuildFileExceptionSet;
			membershipExceptions = (
				Files/Info.plist,
			);
			target = 52E3F8A72DDC12EA000C5FBA /* MercadoBitcoin */;
		};
/* End PBXFileSystemSynchronizedBuildFileExceptionSet section */

/* Begin PBXFileSystemSynchronizedRootGroup section */
		52E3F8AA2DDC12EA000C5FBA /* MercadoBitcoin */ = {
			isa = PBXFileSystemSynchronizedRootGroup;
			exceptions = (
				52E3F8D02DDC12EB000C5FBA /* Exceptions for "MercadoBitcoin" folder in "MercadoBitcoin" target */,
			);
			path = MercadoBitcoin;
			sourceTree = "<group>";
		};
		52E3F8C12DDC12EB000C5FBA /* MercadoBitcoinTests */ = {
			isa = PBXFileSystemSynchronizedRootGroup;
			path = MercadoBitcoinTests;
			sourceTree = "<group>";
		};
		52E3F8CB2DDC12EB000C5FBA /* MercadoBitcoinUITests */ = {
			isa = PBXFileSystemSynchronizedRootGroup;
			path = MercadoBitcoinUITests;
			sourceTree = "<group>";
		};
/* End PBXFileSystemSynchronizedRootGroup section */

/* Begin PBXFrameworksBuildPhase section */
		52E3F8A52DDC12EA000C5FBA /* Frameworks */ = {
			isa = PBXFrameworksBuildPhase;
			buildActionMask = 2147483647;
			files = (
			);
			runOnlyForDeploymentPostprocessing = 0;
		};
		52E3F8BB2DDC12EB000C5FBA /* Frameworks */ = {
			isa = PBXFrameworksBuildPhase;
			buildActionMask = 2147483647;
			files = (
			);
			runOnlyForDeploymentPostprocessing = 0;
		};
		52E3F8C52DDC12EB000C5FBA /* Frameworks */ = {
			isa = PBXFrameworksBuildPhase;
			buildActionMask = 2147483647;
			files = (
			);
			runOnlyForDeploymentPostprocessing = 0;
		};
/* End PBXFrameworksBuildPhase section */

/* Begin PBXGroup section */
		52E3F89F2DDC12EA000C5FBA = {
			isa = PBXGroup;
			children = (
				52E3F8AA2DDC12EA000C5FBA /* MercadoBitcoin */,
				52E3F8C12DDC12EB000C5FBA /* MercadoBitcoinTests */,
				52E3F8CB2DDC12EB000C5FBA /* MercadoBitcoinUITests */,
				52E3F8A92DDC12EA000C5FBA /* Products */,
			);
			sourceTree = "<group>";
		};
		52E3F8A92DDC12EA000C5FBA /* Products */ = {
			isa = PBXGroup;
			children = (
				52E3F8A82DDC12EA000C5FBA /* MercadoBitcoin.app */,
				52E3F8BE2DDC12EB000C5FBA /* MercadoBitcoinTests.xctest */,
				52E3F8C82DDC12EB000C5FBA /* MercadoBitcoinUITests.xctest */,
			);
			name = Products;
			sourceTree = "<group>";
		};
/* End PBXGroup section */

/* Begin PBXNativeTarget section */
		52E3F8A72DDC12EA000C5FBA /* MercadoBitcoin */ = {
			isa = PBXNativeTarget;
			buildConfigurationList = 52E3F8D12DDC12EB000C5FBA /* Build configuration list for PBXNativeTarget "MercadoBitcoin" */;
			buildPhases = (
				52E3F8A42DDC12EA000C5FBA /* Sources */,
				52E3F8A52DDC12EA000C5FBA /* Frameworks */,
				52E3F8A62DDC12EA000C5FBA /* Resources */,
			);
			buildRules = (
			);
			dependencies = (
			);
			fileSystemSynchronizedGroups = (
				52E3F8AA2DDC12EA000C5FBA /* MercadoBitcoin */,
			);
			name = MercadoBitcoin;
			packageProductDependencies = (
			);
			productName = MercadoBitcoin;
			productReference = 52E3F8A82DDC12EA000C5FBA /* MercadoBitcoin.app */;
			productType = "com.apple.product-type.application";
		};
		52E3F8BD2DDC12EB000C5FBA /* MercadoBitcoinTests */ = {
			isa = PBXNativeTarget;
			buildConfigurationList = 52E3F8D62DDC12EB000C5FBA /* Build configuration list for PBXNativeTarget "MercadoBitcoinTests" */;
			buildPhases = (
				52E3F8BA2DDC12EB000C5FBA /* Sources */,
				52E3F8BB2DDC12EB000C5FBA /* Frameworks */,
				52E3F8BC2DDC12EB000C5FBA /* Resources */,
			);
			buildRules = (
			);
			dependencies = (
				52E3F8C02DDC12EB000C5FBA /* PBXTargetDependency */,
			);
			fileSystemSynchronizedGroups = (
				52E3F8C12DDC12EB000C5FBA /* MercadoBitcoinTests */,
			);
			name = MercadoBitcoinTests;
			packageProductDependencies = (
			);
			productName = MercadoBitcoinTests;
			productReference = 52E3F8BE2DDC12EB000C5FBA /* MercadoBitcoinTests.xctest */;
			productType = "com.apple.product-type.bundle.unit-test";
		};
		52E3F8C72DDC12EB000C5FBA /* MercadoBitcoinUITests */ = {
			isa = PBXNativeTarget;
			buildConfigurationList = 52E3F8D92DDC12EB000C5FBA /* Build configuration list for PBXNativeTarget "MercadoBitcoinUITests" */;
			buildPhases = (
				52E3F8C42DDC12EB000C5FBA /* Sources */,
				52E3F8C52DDC12EB000C5FBA /* Frameworks */,
				52E3F8C62DDC12EB000C5FBA /* Resources */,
			);
			buildRules = (
			);
			dependencies = (
				52E3F8CA2DDC12EB000C5FBA /* PBXTargetDependency */,
			);
			fileSystemSynchronizedGroups = (
				52E3F8CB2DDC12EB000C5FBA /* MercadoBitcoinUITests */,
			);
			name = MercadoBitcoinUITests;
			packageProductDependencies = (
			);
			productName = MercadoBitcoinUITests;
			productReference = 52E3F8C82DDC12EB000C5FBA /* MercadoBitcoinUITests.xctest */;
			productType = "com.apple.product-type.bundle.ui-testing";
		};
/* End PBXNativeTarget section */

/* Begin PBXProject section */
		52E3F8A02DDC12EA000C5FBA /* Project object */ = {
			isa = PBXProject;
			attributes = {
				BuildIndependentTargetsInParallel = 1;
				LastSwiftUpdateCheck = 1630;
				LastUpgradeCheck = 1630;
				TargetAttributes = {
					52E3F8A72DDC12EA000C5FBA = {
						CreatedOnToolsVersion = 16.3;
					};
					52E3F8BD2DDC12EB000C5FBA = {
						CreatedOnToolsVersion = 16.3;
						TestTargetID = 52E3F8A72DDC12EA000C5FBA;
					};
					52E3F8C72DDC12EB000C5FBA = {
						CreatedOnToolsVersion = 16.3;
						TestTargetID = 52E3F8A72DDC12EA000C5FBA;
					};
				};
			};
			buildConfigurationList = 52E3F8A32DDC12EA000C5FBA /* Build configuration list for PBXProject "MercadoBitcoin" */;
			developmentRegion = en;
			hasScannedForEncodings = 0;
			knownRegions = (
				en,
				Base,
			);
			mainGroup = 52E3F89F2DDC12EA000C5FBA;
			minimizedProjectReferenceProxies = 1;
			preferredProjectObjectVersion = 77;
			productRefGroup = 52E3F8A92DDC12EA000C5FBA /* Products */;
			projectDirPath = "";
			projectRoot = "";
			targets = (
				52E3F8A72DDC12EA000C5FBA /* MercadoBitcoin */,
				52E3F8BD2DDC12EB000C5FBA /* MercadoBitcoinTests */,
				52E3F8C72DDC12EB000C5FBA /* MercadoBitcoinUITests */,
			);
		};
/* End PBXProject section */

/* Begin PBXResourcesBuildPhase section */
		52E3F8A62DDC12EA000C5FBA /* Resources */ = {
			isa = PBXResourcesBuildPhase;
			buildActionMask = 2147483647;
			files = (
			);
			runOnlyForDeploymentPostprocessing = 0;
		};
		52E3F8BC2DDC12EB000C5FBA /* Resources */ = {
			isa = PBXResourcesBuildPhase;
			buildActionMask = 2147483647;
			files = (
			);
			runOnlyForDeploymentPostprocessing = 0;
		};
		52E3F8C62DDC12EB000C5FBA /* Resources */ = {
			isa = PBXResourcesBuildPhase;
			buildActionMask = 2147483647;
			files = (
			);
			runOnlyForDeploymentPostprocessing = 0;
		};
/* End PBXResourcesBuildPhase section */

/* Begin PBXSourcesBuildPhase section */
		52E3F8A42DDC12EA000C5FBA /* Sources */ = {
			isa = PBXSourcesBuildPhase;
			buildActionMask = 2147483647;
			files = (
			);
			runOnlyForDeploymentPostprocessing = 0;
		};
		52E3F8BA2DDC12EB000C5FBA /* Sources */ = {
			isa = PBXSourcesBuildPhase;
			buildActionMask = 2147483647;
			files = (
			);
			runOnlyForDeploymentPostprocessing = 0;
		};
		52E3F8C42DDC12EB000C5FBA /* Sources */ = {
			isa = PBXSourcesBuildPhase;
			buildActionMask = 2147483647;
			files = (
			);
			runOnlyForDeploymentPostprocessing = 0;
		};
/* End PBXSourcesBuildPhase section */

/* Begin PBXTargetDependency section */
		52E3F8C02DDC12EB000C5FBA /* PBXTargetDependency */ = {
			isa = PBXTargetDependency;
			target = 52E3F8A72DDC12EA000C5FBA /* MercadoBitcoin */;
			targetProxy = 52E3F8BF2DDC12EB000C5FBA /* PBXContainerItemProxy */;
		};
		52E3F8CA2DDC12EB000C5FBA /* PBXTargetDependency */ = {
			isa = PBXTargetDependency;
			target = 52E3F8A72DDC12EA000C5FBA /* MercadoBitcoin */;
			targetProxy = 52E3F8C92DDC12EB000C5FBA /* PBXContainerItemProxy */;
		};
/* End PBXTargetDependency section */

/* Begin XCBuildConfiguration section */
		52E3F8D22DDC12EB000C5FBA /* Debug */ = {
			isa = XCBuildConfiguration;
			buildSettings = {
				ASSETCATALOG_COMPILER_APPICON_NAME = AppIcon;
				ASSETCATALOG_COMPILER_GLOBAL_ACCENT_COLOR_NAME = AccentColor;
				CODE_SIGN_STYLE = Automatic;
				CURRENT_PROJECT_VERSION = 1;
				DEVELOPMENT_TEAM = 7AKKZW5UKS;
				GENERATE_INFOPLIST_FILE = YES;
				INFOPLIST_FILE = MercadoBitcoin/Files/Info.plist;
				INFOPLIST_KEY_UIApplicationSupportsIndirectInputEvents = YES;
				INFOPLIST_KEY_UILaunchStoryboardName = LaunchScreen;
				INFOPLIST_KEY_UIMainStoryboardFile = "";
				INFOPLIST_KEY_UISupportedInterfaceOrientations_iPad = "UIInterfaceOrientationPortrait UIInterfaceOrientationPortraitUpsideDown UIInterfaceOrientationLandscapeLeft UIInterfaceOrientationLandscapeRight";
				INFOPLIST_KEY_UISupportedInterfaceOrientations_iPhone = "UIInterfaceOrientationPortrait UIInterfaceOrientationLandscapeLeft UIInterfaceOrientationLandscapeRight";
				LD_RUNPATH_SEARCH_PATHS = (
					"$(inherited)",
					"@executable_path/Frameworks",
				);
				MARKETING_VERSION = 1.0;
				PRODUCT_BUNDLE_IDENTIFIER = MercadoBitcoin.MercadoBitcoin;
				PRODUCT_NAME = "$(TARGET_NAME)";
				SWIFT_EMIT_LOC_STRINGS = YES;
				SWIFT_VERSION = 5.0;
				TARGETED_DEVICE_FAMILY = "1,2";
			};
			name = Debug;
		};
		52E3F8D32DDC12EB000C5FBA /* Release */ = {
			isa = XCBuildConfiguration;
			buildSettings = {
				ASSETCATALOG_COMPILER_APPICON_NAME = AppIcon;
				ASSETCATALOG_COMPILER_GLOBAL_ACCENT_COLOR_NAME = AccentColor;
				CODE_SIGN_STYLE = Automatic;
				CURRENT_PROJECT_VERSION = 1;
				DEVELOPMENT_TEAM = 7AKKZW5UKS;
				GENERATE_INFOPLIST_FILE = YES;
				INFOPLIST_FILE = MercadoBitcoin/Files/Info.plist;
				INFOPLIST_KEY_UIApplicationSupportsIndirectInputEvents = YES;
				INFOPLIST_KEY_UILaunchStoryboardName = LaunchScreen;
				INFOPLIST_KEY_UIMainStoryboardFile = "";
				INFOPLIST_KEY_UISupportedInterfaceOrientations_iPad = "UIInterfaceOrientationPortrait UIInterfaceOrientationPortraitUpsideDown UIInterfaceOrientationLandscapeLeft UIInterfaceOrientationLandscapeRight";
				INFOPLIST_KEY_UISupportedInterfaceOrientations_iPhone = "UIInterfaceOrientationPortrait UIInterfaceOrientationLandscapeLeft UIInterfaceOrientationLandscapeRight";
				LD_RUNPATH_SEARCH_PATHS = (
					"$(inherited)",
					"@executable_path/Frameworks",
				);
				MARKETING_VERSION = 1.0;
				PRODUCT_BUNDLE_IDENTIFIER = MercadoBitcoin.MercadoBitcoin;
				PRODUCT_NAME = "$(TARGET_NAME)";
				SWIFT_EMIT_LOC_STRINGS = YES;
				SWIFT_VERSION = 5.0;
				TARGETED_DEVICE_FAMILY = "1,2";
			};
			name = Release;
		};
		52E3F8D42DDC12EB000C5FBA /* Debug */ = {
			isa = XCBuildConfiguration;
			buildSettings = {
				ALWAYS_SEARCH_USER_PATHS = NO;
				ASSETCATALOG_COMPILER_GENERATE_SWIFT_ASSET_SYMBOL_EXTENSIONS = YES;
				CLANG_ANALYZER_NONNULL = YES;
				CLANG_ANALYZER_NUMBER_OBJECT_CONVERSION = YES_AGGRESSIVE;
				CLANG_CXX_LANGUAGE_STANDARD = "gnu++20";
				CLANG_ENABLE_MODULES = YES;
				CLANG_ENABLE_OBJC_ARC = YES;
				CLANG_ENABLE_OBJC_WEAK = YES;
				CLANG_WARN_BLOCK_CAPTURE_AUTORELEASING = YES;
				CLANG_WARN_BOOL_CONVERSION = YES;
				CLANG_WARN_COMMA = YES;
				CLANG_WARN_CONSTANT_CONVERSION = YES;
				CLANG_WARN_DEPRECATED_OBJC_IMPLEMENTATIONS = YES;
				CLANG_WARN_DIRECT_OBJC_ISA_USAGE = YES_ERROR;
				CLANG_WARN_DOCUMENTATION_COMMENTS = YES;
				CLANG_WARN_EMPTY_BODY = YES;
				CLANG_WARN_ENUM_CONVERSION = YES;
				CLANG_WARN_INFINITE_RECURSION = YES;
				CLANG_WARN_INT_CONVERSION = YES;
				CLANG_WARN_NON_LITERAL_NULL_CONVERSION = YES;
				CLANG_WARN_OBJC_IMPLICIT_RETAIN_SELF = YES;
				CLANG_WARN_OBJC_LITERAL_CONVERSION = YES;
				CLANG_WARN_OBJC_ROOT_CLASS = YES_ERROR;
				CLANG_WARN_QUOTED_INCLUDE_IN_FRAMEWORK_HEADER = YES;
				CLANG_WARN_RANGE_LOOP_ANALYSIS = YES;
				CLANG_WARN_STRICT_PROTOTYPES = YES;
				CLANG_WARN_SUSPICIOUS_MOVE = YES;
				CLANG_WARN_UNGUARDED_AVAILABILITY = YES_AGGRESSIVE;
				CLANG_WARN_UNREACHABLE_CODE = YES;
				CLANG_WARN__DUPLICATE_METHOD_MATCH = YES;
				COPY_PHASE_STRIP = NO;
				DEBUG_INFORMATION_FORMAT = dwarf;
				DEVELOPMENT_TEAM = 7AKKZW5UKS;
				ENABLE_STRICT_OBJC_MSGSEND = YES;
				ENABLE_TESTABILITY = YES;
				ENABLE_USER_SCRIPT_SANDBOXING = YES;
				GCC_C_LANGUAGE_STANDARD = gnu17;
				GCC_DYNAMIC_NO_PIC = NO;
				GCC_NO_COMMON_BLOCKS = YES;
				GCC_OPTIMIZATION_LEVEL = 0;
				GCC_PREPROCESSOR_DEFINITIONS = (
					"DEBUG=1",
					"$(inherited)",
				);
				GCC_WARN_64_TO_32_BIT_CONVERSION = YES;
				GCC_WARN_ABOUT_RETURN_TYPE = YES_ERROR;
				GCC_WARN_UNDECLARED_SELECTOR = YES;
				GCC_WARN_UNINITIALIZED_AUTOS = YES_AGGRESSIVE;
				GCC_WARN_UNUSED_FUNCTION = YES;
				GCC_WARN_UNUSED_VARIABLE = YES;
				IPHONEOS_DEPLOYMENT_TARGET = 18.4;
				LOCALIZATION_PREFERS_STRING_CATALOGS = YES;
				MTL_ENABLE_DEBUG_INFO = INCLUDE_SOURCE;
				MTL_FAST_MATH = YES;
				ONLY_ACTIVE_ARCH = YES;
				SDKROOT = iphoneos;
				SWIFT_ACTIVE_COMPILATION_CONDITIONS = "DEBUG $(inherited)";
				SWIFT_OPTIMIZATION_LEVEL = "-Onone";
			};
			name = Debug;
		};
		52E3F8D52DDC12EB000C5FBA /* Release */ = {
			isa = XCBuildConfiguration;
			buildSettings = {
				ALWAYS_SEARCH_USER_PATHS = NO;
				ASSETCATALOG_COMPILER_GENERATE_SWIFT_ASSET_SYMBOL_EXTENSIONS = YES;
				CLANG_ANALYZER_NONNULL = YES;
				CLANG_ANALYZER_NUMBER_OBJECT_CONVERSION = YES_AGGRESSIVE;
				CLANG_CXX_LANGUAGE_STANDARD = "gnu++20";
				CLANG_ENABLE_MODULES = YES;
				CLANG_ENABLE_OBJC_ARC = YES;
				CLANG_ENABLE_OBJC_WEAK = YES;
				CLANG_WARN_BLOCK_CAPTURE_AUTORELEASING = YES;
				CLANG_WARN_BOOL_CONVERSION = YES;
				CLANG_WARN_COMMA = YES;
				CLANG_WARN_CONSTANT_CONVERSION = YES;
				CLANG_WARN_DEPRECATED_OBJC_IMPLEMENTATIONS = YES;
				CLANG_WARN_DIRECT_OBJC_ISA_USAGE = YES_ERROR;
				CLANG_WARN_DOCUMENTATION_COMMENTS = YES;
				CLANG_WARN_EMPTY_BODY = YES;
				CLANG_WARN_ENUM_CONVERSION = YES;
				CLANG_WARN_INFINITE_RECURSION = YES;
				CLANG_WARN_INT_CONVERSION = YES;
				CLANG_WARN_NON_LITERAL_NULL_CONVERSION = YES;
				CLANG_WARN_OBJC_IMPLICIT_RETAIN_SELF = YES;
				CLANG_WARN_OBJC_LITERAL_CONVERSION = YES;
				CLANG_WARN_OBJC_ROOT_CLASS = YES_ERROR;
				CLANG_WARN_QUOTED_INCLUDE_IN_FRAMEWORK_HEADER = YES;
				CLANG_WARN_RANGE_LOOP_ANALYSIS = YES;
				CLANG_WARN_STRICT_PROTOTYPES = YES;
				CLANG_WARN_SUSPICIOUS_MOVE = YES;
				CLANG_WARN_UNGUARDED_AVAILABILITY = YES_AGGRESSIVE;
				CLANG_WARN_UNREACHABLE_CODE = YES;
				CLANG_WARN__DUPLICATE_METHOD_MATCH = YES;
				COPY_PHASE_STRIP = NO;
				DEBUG_INFORMATION_FORMAT = "dwarf-with-dsym";
				DEVELOPMENT_TEAM = 7AKKZW5UKS;
				ENABLE_NS_ASSERTIONS = NO;
				ENABLE_STRICT_OBJC_MSGSEND = YES;
				ENABLE_USER_SCRIPT_SANDBOXING = YES;
				GCC_C_LANGUAGE_STANDARD = gnu17;
				GCC_NO_COMMON_BLOCKS = YES;
				GCC_WARN_64_TO_32_BIT_CONVERSION = YES;
				GCC_WARN_ABOUT_RETURN_TYPE = YES_ERROR;
				GCC_WARN_UNDECLARED_SELECTOR = YES;
				GCC_WARN_UNINITIALIZED_AUTOS = YES_AGGRESSIVE;
				GCC_WARN_UNUSED_FUNCTION = YES;
				GCC_WARN_UNUSED_VARIABLE = YES;
				IPHONEOS_DEPLOYMENT_TARGET = 18.4;
				LOCALIZATION_PREFERS_STRING_CATALOGS = YES;
				MTL_ENABLE_DEBUG_INFO = NO;
				MTL_FAST_MATH = YES;
				SDKROOT = iphoneos;
				SWIFT_COMPILATION_MODE = wholemodule;
				VALIDATE_PRODUCT = YES;
			};
			name = Release;
		};
		52E3F8D72DDC12EB000C5FBA /* Debug */ = {
			isa = XCBuildConfiguration;
			buildSettings = {
				BUNDLE_LOADER = "$(TEST_HOST)";
				CODE_SIGN_STYLE = Automatic;
				CURRENT_PROJECT_VERSION = 1;
				DEVELOPMENT_TEAM = 7AKKZW5UKS;
				GENERATE_INFOPLIST_FILE = YES;
				IPHONEOS_DEPLOYMENT_TARGET = 18.4;
				MARKETING_VERSION = 1.0;
				PRODUCT_BUNDLE_IDENTIFIER = MercadoBitcoin.MercadoBitcoinTests;
				PRODUCT_NAME = "$(TARGET_NAME)";
				SWIFT_EMIT_LOC_STRINGS = NO;
				SWIFT_VERSION = 5.0;
				TARGETED_DEVICE_FAMILY = "1,2";
				TEST_HOST = "$(BUILT_PRODUCTS_DIR)/MercadoBitcoin.app/$(BUNDLE_EXECUTABLE_FOLDER_PATH)/MercadoBitcoin";
			};
			name = Debug;
		};
		52E3F8D82DDC12EB000C5FBA /* Release */ = {
			isa = XCBuildConfiguration;
			buildSettings = {
				BUNDLE_LOADER = "$(TEST_HOST)";
				CODE_SIGN_STYLE = Automatic;
				CURRENT_PROJECT_VERSION = 1;
				DEVELOPMENT_TEAM = 7AKKZW5UKS;
				GENERATE_INFOPLIST_FILE = YES;
				IPHONEOS_DEPLOYMENT_TARGET = 18.4;
				MARKETING_VERSION = 1.0;
				PRODUCT_BUNDLE_IDENTIFIER = MercadoBitcoin.MercadoBitcoinTests;
				PRODUCT_NAME = "$(TARGET_NAME)";
				SWIFT_EMIT_LOC_STRINGS = NO;
				SWIFT_VERSION = 5.0;
				TARGETED_DEVICE_FAMILY = "1,2";
				TEST_HOST = "$(BUILT_PRODUCTS_DIR)/MercadoBitcoin.app/$(BUNDLE_EXECUTABLE_FOLDER_PATH)/MercadoBitcoin";
			};
			name = Release;
		};
		52E3F8DA2DDC12EB000C5FBA /* Debug */ = {
			isa = XCBuildConfiguration;
			buildSettings = {
				CODE_SIGN_STYLE = Automatic;
				CURRENT_PROJECT_VERSION = 1;
				DEVELOPMENT_TEAM = 7AKKZW5UKS;
				GENERATE_INFOPLIST_FILE = YES;
				MARKETING_VERSION = 1.0;
				PRODUCT_BUNDLE_IDENTIFIER = MercadoBitcoin.MercadoBitcoinUITests;
				PRODUCT_NAME = "$(TARGET_NAME)";
				SWIFT_EMIT_LOC_STRINGS = NO;
				SWIFT_VERSION = 5.0;
				TARGETED_DEVICE_FAMILY = "1,2";
				TEST_TARGET_NAME = MercadoBitcoin;
			};
			name = Debug;
		};
		52E3F8DB2DDC12EB000C5FBA /* Release */ = {
			isa = XCBuildConfiguration;
			buildSettings = {
				CODE_SIGN_STYLE = Automatic;
				CURRENT_PROJECT_VERSION = 1;
				DEVELOPMENT_TEAM = 7AKKZW5UKS;
				GENERATE_INFOPLIST_FILE = YES;
				MARKETING_VERSION = 1.0;
				PRODUCT_BUNDLE_IDENTIFIER = MercadoBitcoin.MercadoBitcoinUITests;
				PRODUCT_NAME = "$(TARGET_NAME)";
				SWIFT_EMIT_LOC_STRINGS = NO;
				SWIFT_VERSION = 5.0;
				TARGETED_DEVICE_FAMILY = "1,2";
				TEST_TARGET_NAME = MercadoBitcoin;
			};
			name = Release;
		};
/* End XCBuildConfiguration section */

/* Begin XCConfigurationList section */
		52E3F8A32DDC12EA000C5FBA /* Build configuration list for PBXProject "MercadoBitcoin" */ = {
			isa = XCConfigurationList;
			buildConfigurations = (
				52E3F8D42DDC12EB000C5FBA /* Debug */,
				52E3F8D52DDC12EB000C5FBA /* Release */,
			);
			defaultConfigurationIsVisible = 0;
			defaultConfigurationName = Release;
		};
		52E3F8D12DDC12EB000C5FBA /* Build configuration list for PBXNativeTarget "MercadoBitcoin" */ = {
			isa = XCConfigurationList;
			buildConfigurations = (
				52E3F8D22DDC12EB000C5FBA /* Debug */,
				52E3F8D32DDC12EB000C5FBA /* Release */,
			);
			defaultConfigurationIsVisible = 0;
			defaultConfigurationName = Release;
		};
		52E3F8D62DDC12EB000C5FBA /* Build configuration list for PBXNativeTarget "MercadoBitcoinTests" */ = {
			isa = XCConfigurationList;
			buildConfigurations = (
				52E3F8D72DDC12EB000C5FBA /* Debug */,
				52E3F8D82DDC12EB000C5FBA /* Release */,
			);
			defaultConfigurationIsVisible = 0;
			defaultConfigurationName = Release;
		};
		52E3F8D92DDC12EB000C5FBA /* Build configuration list for PBXNativeTarget "MercadoBitcoinUITests" */ = {
			isa = XCConfigurationList;
			buildConfigurations = (
				52E3F8DA2DDC12EB000C5FBA /* Debug */,
				52E3F8DB2DDC12EB000C5FBA /* Release */,
			);
			defaultConfigurationIsVisible = 0;
			defaultConfigurationName = Release;
		};
/* End XCConfigurationList section */
	};
	rootObject = 52E3F8A02DDC12EA000C5FBA /* Project object */;
}
